
Microsoft Visual Studio Solution File, Format Version 12.00
# Visual Studio Version 16
VisualStudioVersion = 16.0.30330.147
MinimumVisualStudioVersion = 10.0.40219.1
Project("{9A19103F-16F7-4668-BE54-9A1E7A4F7556}") = "FastCrud", "FastCrud\FastCrud.csproj", "{C0DAB732-BF21-4631-82F3-85730B5402EF}"
EndProject
Project("{FAE04EC0-301F-11D3-BF4B-00C04F79EFBC}") = "FastCrud.Library", "FastCrud.Library\FastCrud.Library.csproj", "{1A8B50C7-3F48-47DE-8C2B-614B456DD7B0}"
EndProject
Global
	GlobalSection(SolutionConfigurationPlatforms) = preSolution
		Debug|Any CPU = Debug|Any CPU
		Release|Any CPU = Release|Any CPU
	EndGlobalSection
	GlobalSection(ProjectConfigurationPlatforms) = postSolution
		{C0DAB732-BF21-4631-82F3-85730B5402EF}.Debug|Any CPU.ActiveCfg = Debug|Any CPU
		{C0DAB732-BF21-4631-82F3-85730B5402EF}.Debug|Any CPU.Build.0 = Debug|Any CPU
		{C0DAB732-BF21-4631-82F3-85730B5402EF}.Release|Any CPU.ActiveCfg = Release|Any CPU
		{C0DAB732-BF21-4631-82F3-85730B5402EF}.Release|Any CPU.Build.0 = Release|Any CPU
		{1A8B50C7-3F48-47DE-8C2B-614B456DD7B0}.Debug|Any CPU.ActiveCfg = Debug|Any CPU
		{1A8B50C7-3F48-47DE-8C2B-614B456DD7B0}.Debug|Any CPU.Build.0 = Debug|Any CPU
		{1A8B50C7-3F48-47DE-8C2B-614B456DD7B0}.Release|Any CPU.ActiveCfg = Release|Any CPU
		{1A8B50C7-3F48-47DE-8C2B-614B456DD7B0}.Release|Any CPU.Build.0 = Release|Any CPU
	EndGlobalSection
	GlobalSection(SolutionProperties) = preSolution
		HideSolutionNode = FALSE
	EndGlobalSection
	GlobalSection(ExtensibilityGlobals) = postSolution
		SolutionGuid = {95B149DE-D302-4199-8616-64DF435D24FE}
	EndGlobalSection
EndGlobal
